
Microsoft Visual Studio Solution File, Format Version 12.00
# Visual Studio Version 17
VisualStudioVersion = 17.6.33801.468
MinimumVisualStudioVersion = 10.0.40219.1
Project("{FAE04EC0-301F-11D3-BF4B-00C04F79EFBC}") = "Bank OPP Task", "Bank OPP Task\Bank OPP Task.csproj", "{9C55DD16-E070-4967-A262-ABB4F910E0CF}"
EndProject
Global
	GlobalSection(SolutionConfigurationPlatforms) = preSolution
		Debug|Any CPU = Debug|Any CPU
		Release|Any CPU = Release|Any CPU
	EndGlobalSection
	GlobalSection(ProjectConfigurationPlatforms) = postSolution
		{9C55DD16-E070-4967-A262-ABB4F910E0CF}.Debug|Any CPU.ActiveCfg = Debug|Any CPU
		{9C55DD16-E070-4967-A262-ABB4F910E0CF}.Debug|Any CPU.Build.0 = Debug|Any CPU
		{9C55DD16-E070-4967-A262-ABB4F910E0CF}.Release|Any CPU.ActiveCfg = Release|Any CPU
		{9C55DD16-E070-4967-A262-ABB4F910E0CF}.Release|Any CPU.Build.0 = Release|Any CPU
	EndGlobalSection
	GlobalSection(SolutionProperties) = preSolution
		HideSolutionNode = FALSE
	EndGlobalSection
	GlobalSection(ExtensibilityGlobals) = postSolution
		SolutionGuid = {F6E16B6F-704E-44C1-9292-E13B20AA93CD}
	EndGlobalSection
EndGlobal
